
Microsoft Visual Studio Solution File, Format Version 12.00
# Visual Studio Version 17
VisualStudioVersion = 17.8.34322.80
MinimumVisualStudioVersion = 10.0.40219.1
Project("{9A19103F-16F7-4668-BE54-9A1E7A4F7556}") = "kpsys", "kpsys.csproj", "{8D461174-3233-48F8-ACA2-8E21BF029D5E}"
EndProject
Global
	GlobalSection(SolutionConfigurationPlatforms) = preSolution
		Debug|Any CPU = Debug|Any CPU
		Release|Any CPU = Release|Any CPU
	EndGlobalSection
	GlobalSection(ProjectConfigurationPlatforms) = postSolution
		{8D461174-3233-48F8-ACA2-8E21BF029D5E}.Debug|Any CPU.ActiveCfg = Debug|Any CPU
		{8D461174-3233-48F8-ACA2-8E21BF029D5E}.Debug|Any CPU.Build.0 = Debug|Any CPU
		{8D461174-3233-48F8-ACA2-8E21BF029D5E}.Release|Any CPU.ActiveCfg = Release|Any CPU
		{8D461174-3233-48F8-ACA2-8E21BF029D5E}.Release|Any CPU.Build.0 = Release|Any CPU
	EndGlobalSection
	GlobalSection(SolutionProperties) = preSolution
		HideSolutionNode = FALSE
	EndGlobalSection
	GlobalSection(ExtensibilityGlobals) = postSolution
		SolutionGuid = {4A6F7DA1-1AC8-4C4F-BB85-5F31CEC518A9}
	EndGlobalSection
EndGlobal
